
Microsoft Visual Studio Solution File, Format Version 12.00
# Visual Studio Version 16
VisualStudioVersion = 16.0.30204.135
MinimumVisualStudioVersion = 10.0.40219.1
Project("{9A19103F-16F7-4668-BE54-9A1E7A4F7556}") = "Core", "Core\Core.csproj", "{66C0A6C4-839D-49A8-9E39-1D82AADD9F38}"
EndProject
Project("{9A19103F-16F7-4668-BE54-9A1E7A4F7556}") = "Data", "Data\Data.csproj", "{B40BBA9B-3FF7-457C-AD4D-E17C78E0B2C7}"
EndProject
Project("{FAE04EC0-301F-11D3-BF4B-00C04F79EFBC}") = "Droid", "Droid\Droid.csproj", "{AA85217B-5B1A-4531-9619-BFF3B9846F42}"
EndProject
Project("{FAE04EC0-301F-11D3-BF4B-00C04F79EFBC}") = "Droid2", "Droid2\Droid2.csproj", "{89332F67-A364-4186-ACA7-E08904C3DFE3}"
EndProject
Project("{FAE04EC0-301F-11D3-BF4B-00C04F79EFBC}") = "Common", "Common\Common.csproj", "{A25A3B5E-CC9B-4AAC-B297-AB7F426ABB61}"
EndProject
Global
	GlobalSection(SolutionConfigurationPlatforms) = preSolution
		Debug|Any CPU = Debug|Any CPU
		Release|Any CPU = Release|Any CPU
	EndGlobalSection
	GlobalSection(ProjectConfigurationPlatforms) = postSolution
		{66C0A6C4-839D-49A8-9E39-1D82AADD9F38}.Debug|Any CPU.ActiveCfg = Debug|Any CPU
		{66C0A6C4-839D-49A8-9E39-1D82AADD9F38}.Debug|Any CPU.Build.0 = Debug|Any CPU
		{66C0A6C4-839D-49A8-9E39-1D82AADD9F38}.Release|Any CPU.ActiveCfg = Release|Any CPU
		{66C0A6C4-839D-49A8-9E39-1D82AADD9F38}.Release|Any CPU.Build.0 = Release|Any CPU
		{B40BBA9B-3FF7-457C-AD4D-E17C78E0B2C7}.Debug|Any CPU.ActiveCfg = Debug|Any CPU
		{B40BBA9B-3FF7-457C-AD4D-E17C78E0B2C7}.Debug|Any CPU.Build.0 = Debug|Any CPU
		{B40BBA9B-3FF7-457C-AD4D-E17C78E0B2C7}.Release|Any CPU.ActiveCfg = Release|Any CPU
		{B40BBA9B-3FF7-457C-AD4D-E17C78E0B2C7}.Release|Any CPU.Build.0 = Release|Any CPU
		{AA85217B-5B1A-4531-9619-BFF3B9846F42}.Debug|Any CPU.ActiveCfg = Debug|Any CPU
		{AA85217B-5B1A-4531-9619-BFF3B9846F42}.Debug|Any CPU.Build.0 = Debug|Any CPU
		{AA85217B-5B1A-4531-9619-BFF3B9846F42}.Debug|Any CPU.Deploy.0 = Debug|Any CPU
		{AA85217B-5B1A-4531-9619-BFF3B9846F42}.Release|Any CPU.ActiveCfg = Release|Any CPU
		{AA85217B-5B1A-4531-9619-BFF3B9846F42}.Release|Any CPU.Build.0 = Release|Any CPU
		{AA85217B-5B1A-4531-9619-BFF3B9846F42}.Release|Any CPU.Deploy.0 = Release|Any CPU
		{89332F67-A364-4186-ACA7-E08904C3DFE3}.Debug|Any CPU.ActiveCfg = Debug|Any CPU
		{89332F67-A364-4186-ACA7-E08904C3DFE3}.Debug|Any CPU.Build.0 = Debug|Any CPU
		{89332F67-A364-4186-ACA7-E08904C3DFE3}.Debug|Any CPU.Deploy.0 = Debug|Any CPU
		{89332F67-A364-4186-ACA7-E08904C3DFE3}.Release|Any CPU.ActiveCfg = Release|Any CPU
		{89332F67-A364-4186-ACA7-E08904C3DFE3}.Release|Any CPU.Build.0 = Release|Any CPU
		{89332F67-A364-4186-ACA7-E08904C3DFE3}.Release|Any CPU.Deploy.0 = Release|Any CPU
		{A25A3B5E-CC9B-4AAC-B297-AB7F426ABB61}.Debug|Any CPU.ActiveCfg = Debug|Any CPU
		{A25A3B5E-CC9B-4AAC-B297-AB7F426ABB61}.Debug|Any CPU.Build.0 = Debug|Any CPU
		{A25A3B5E-CC9B-4AAC-B297-AB7F426ABB61}.Release|Any CPU.ActiveCfg = Release|Any CPU
		{A25A3B5E-CC9B-4AAC-B297-AB7F426ABB61}.Release|Any CPU.Build.0 = Release|Any CPU
	EndGlobalSection
	GlobalSection(SolutionProperties) = preSolution
		HideSolutionNode = FALSE
	EndGlobalSection
	GlobalSection(ExtensibilityGlobals) = postSolution
		SolutionGuid = {F3B4F650-81E0-4B7B-9639-C69649225D81}
	EndGlobalSection
EndGlobal
